
Microsoft Visual Studio Solution File, Format Version 12.00
# Visual Studio Version 17
VisualStudioVersion = 17.1.32210.238
MinimumVisualStudioVersion = 10.0.40219.1
Project("{9A19103F-16F7-4668-BE54-9A1E7A4F7556}") = "BackEndAPI", "BackEndAPI\BackEndAPI.csproj", "{DA91EDAC-C416-41BF-A8C4-03483A08CE37}"
EndProject
Global
	GlobalSection(SolutionConfigurationPlatforms) = preSolution
		Debug|Any CPU = Debug|Any CPU
		Release|Any CPU = Release|Any CPU
	EndGlobalSection
	GlobalSection(ProjectConfigurationPlatforms) = postSolution
		{DA91EDAC-C416-41BF-A8C4-03483A08CE37}.Debug|Any CPU.ActiveCfg = Debug|Any CPU
		{DA91EDAC-C416-41BF-A8C4-03483A08CE37}.Debug|Any CPU.Build.0 = Debug|Any CPU
		{DA91EDAC-C416-41BF-A8C4-03483A08CE37}.Release|Any CPU.ActiveCfg = Release|Any CPU
		{DA91EDAC-C416-41BF-A8C4-03483A08CE37}.Release|Any CPU.Build.0 = Release|Any CPU
	EndGlobalSection
	GlobalSection(SolutionProperties) = preSolution
		HideSolutionNode = FALSE
	EndGlobalSection
	GlobalSection(ExtensibilityGlobals) = postSolution
		SolutionGuid = {28EB8528-D9D0-46E7-8DD0-870677993D69}
	EndGlobalSection
EndGlobal
